
Microsoft Visual Studio Solution File, Format Version 12.00
# Visual Studio 15
VisualStudioVersion = 15.0.28307.1585
MinimumVisualStudioVersion = 10.0.40219.1
Project("{FAE04EC0-301F-11D3-BF4B-00C04F79EFBC}") = "NumberOfStudents", "NumberOfStudents\NumberOfStudents.csproj", "{FA6E70EF-11E4-41A1-A664-703229BB741D}"
EndProject
Global
	GlobalSection(SolutionConfigurationPlatforms) = preSolution
		Debug|Any CPU = Debug|Any CPU
		Release|Any CPU = Release|Any CPU
	EndGlobalSection
	GlobalSection(ProjectConfigurationPlatforms) = postSolution
		{FA6E70EF-11E4-41A1-A664-703229BB741D}.Debug|Any CPU.ActiveCfg = Debug|Any CPU
		{FA6E70EF-11E4-41A1-A664-703229BB741D}.Debug|Any CPU.Build.0 = Debug|Any CPU
		{FA6E70EF-11E4-41A1-A664-703229BB741D}.Release|Any CPU.ActiveCfg = Release|Any CPU
		{FA6E70EF-11E4-41A1-A664-703229BB741D}.Release|Any CPU.Build.0 = Release|Any CPU
	EndGlobalSection
	GlobalSection(SolutionProperties) = preSolution
		HideSolutionNode = FALSE
	EndGlobalSection
	GlobalSection(ExtensibilityGlobals) = postSolution
		SolutionGuid = {00E653C8-BD7B-42C3-B34B-B64263658998}
	EndGlobalSection
EndGlobal
